
Microsoft Visual Studio Solution File, Format Version 12.00
# Visual Studio Version 17
VisualStudioVersion = 17.6.33815.320
MinimumVisualStudioVersion = 10.0.40219.1
Project("{FAE04EC0-301F-11D3-BF4B-00C04F79EFBC}") = "AppStartup", "AppStartup\AppStartup.csproj", "{79AA5746-8416-41FC-83ED-5A63DF21A035}"
EndProject
Global
	GlobalSection(SolutionConfigurationPlatforms) = preSolution
		Debug|Any CPU = Debug|Any CPU
		Release|Any CPU = Release|Any CPU
	EndGlobalSection
	GlobalSection(ProjectConfigurationPlatforms) = postSolution
		{79AA5746-8416-41FC-83ED-5A63DF21A035}.Debug|Any CPU.ActiveCfg = Debug|Any CPU
		{79AA5746-8416-41FC-83ED-5A63DF21A035}.Debug|Any CPU.Build.0 = Debug|Any CPU
		{79AA5746-8416-41FC-83ED-5A63DF21A035}.Release|Any CPU.ActiveCfg = Release|Any CPU
		{79AA5746-8416-41FC-83ED-5A63DF21A035}.Release|Any CPU.Build.0 = Release|Any CPU
	EndGlobalSection
	GlobalSection(SolutionProperties) = preSolution
		HideSolutionNode = FALSE
	EndGlobalSection
	GlobalSection(ExtensibilityGlobals) = postSolution
		SolutionGuid = {1E339B5C-33B8-4DDB-80D2-A8A1AB9E46F1}
	EndGlobalSection
EndGlobal
